// !$*UTF8*$!
{
	archiveVersion = 1;
	classes = {
	};
	objectVersion = 50;
	objects = {

/* Begin PBXBuildFile section */
		EFA023AC24A55BB6008B9456 /* main.swift in Sources */ = {isa = PBXBuildFile; fileRef = EFA023AB24A55BB6008B9456 /* main.swift */; };
		EFA1E76624AE8F75005F6CB0 /* main.swift in Sources */ = {isa = PBXBuildFile; fileRef = EFA1E76524AE8F75005F6CB0 /* main.swift */; };
		EFA1E77D24B14445005F6CB0 /* main.swift in Sources */ = {isa = PBXBuildFile; fileRef = EFA1E77C24B14445005F6CB0 /* main.swift */; };
		EFA1E78824B14583005F6CB0 /* main.swift in Sources */ = {isa = PBXBuildFile; fileRef = EFA1E78724B14583005F6CB0 /* main.swift */; };
		EFA1E79324B1465D005F6CB0 /* main.swift in Sources */ = {isa = PBXBuildFile; fileRef = EFA1E79224B1465D005F6CB0 /* main.swift */; };
		EFA1E79E24B283C8005F6CB0 /* main.swift in Sources */ = {isa = PBXBuildFile; fileRef = EFA1E79D24B283C8005F6CB0 /* main.swift */; };
		EFA1E7A924B3BAC5005F6CB0 /* main.swift in Sources */ = {isa = PBXBuildFile; fileRef = EFA1E7A824B3BAC5005F6CB0 /* main.swift */; };
		EFA1E7B424B523B2005F6CB0 /* main.swift in Sources */ = {isa = PBXBuildFile; fileRef = EFA1E7B324B523B2005F6CB0 /* main.swift */; };
		EFA1E7BF24BE478D005F6CB0 /* main.swift in Sources */ = {isa = PBXBuildFile; fileRef = EFA1E7BE24BE478D005F6CB0 /* main.swift */; };
		EFEFAEF02499944B00CFBA67 /* main.swift in Sources */ = {isa = PBXBuildFile; fileRef = EFEFAEEF2499944B00CFBA67 /* main.swift */; };
		EFEFAEFD249ABF1800CFBA67 /* main.swift in Sources */ = {isa = PBXBuildFile; fileRef = EFEFAEFC249ABF1800CFBA67 /* main.swift */; };
/* End PBXBuildFile section */

/* Begin PBXCopyFilesBuildPhase section */
		EFA023A724A55BB6008B9456 /* CopyFiles */ = {
			isa = PBXCopyFilesBuildPhase;
			buildActionMask = 2147483647;
			dstPath = /usr/share/man/man1/;
			dstSubfolderSpec = 0;
			files = (
			);
			runOnlyForDeploymentPostprocessing = 1;
		};
		EFA1E76124AE8F75005F6CB0 /* CopyFiles */ = {
			isa = PBXCopyFilesBuildPhase;
			buildActionMask = 2147483647;
			dstPath = /usr/share/man/man1/;
			dstSubfolderSpec = 0;
			files = (
			);
			runOnlyForDeploymentPostprocessing = 1;
		};
		EFA1E77824B14445005F6CB0 /* CopyFiles */ = {
			isa = PBXCopyFilesBuildPhase;
			buildActionMask = 2147483647;
			dstPath = /usr/share/man/man1/;
			dstSubfolderSpec = 0;
			files = (
			);
			runOnlyForDeploymentPostprocessing = 1;
		};
		EFA1E78324B14583005F6CB0 /* CopyFiles */ = {
			isa = PBXCopyFilesBuildPhase;
			buildActionMask = 2147483647;
			dstPath = /usr/share/man/man1/;
			dstSubfolderSpec = 0;
			files = (
			);
			runOnlyForDeploymentPostprocessing = 1;
		};
		EFA1E78E24B1465D005F6CB0 /* CopyFiles */ = {
			isa = PBXCopyFilesBuildPhase;
			buildActionMask = 2147483647;
			dstPath = /usr/share/man/man1/;
			dstSubfolderSpec = 0;
			files = (
			);
			runOnlyForDeploymentPostprocessing = 1;
		};
		EFA1E79924B283C8005F6CB0 /* CopyFiles */ = {
			isa = PBXCopyFilesBuildPhase;
			buildActionMask = 2147483647;
			dstPath = /usr/share/man/man1/;
			dstSubfolderSpec = 0;
			files = (
			);
			runOnlyForDeploymentPostprocessing = 1;
		};
		EFA1E7A424B3BAC5005F6CB0 /* CopyFiles */ = {
			isa = PBXCopyFilesBuildPhase;
			buildActionMask = 2147483647;
			dstPath = /usr/share/man/man1/;
			dstSubfolderSpec = 0;
			files = (
			);
			runOnlyForDeploymentPostprocessing = 1;
		};
		EFA1E7AF24B523B2005F6CB0 /* CopyFiles */ = {
			isa = PBXCopyFilesBuildPhase;
			buildActionMask = 2147483647;
			dstPath = /usr/share/man/man1/;
			dstSubfolderSpec = 0;
			files = (
			);
			runOnlyForDeploymentPostprocessing = 1;
		};
		EFA1E7BA24BE478D005F6CB0 /* CopyFiles */ = {
			isa = PBXCopyFilesBuildPhase;
			buildActionMask = 2147483647;
			dstPath = /usr/share/man/man1/;
			dstSubfolderSpec = 0;
			files = (
			);
			runOnlyForDeploymentPostprocessing = 1;
		};
		EFEFAEEA2499944B00CFBA67 /* CopyFiles */ = {
			isa = PBXCopyFilesBuildPhase;
			buildActionMask = 2147483647;
			dstPath = /usr/share/man/man1/;
			dstSubfolderSpec = 0;
			files = (
			);
			runOnlyForDeploymentPostprocessing = 1;
		};
		EFEFAEF8249ABF1700CFBA67 /* CopyFiles */ = {
			isa = PBXCopyFilesBuildPhase;
			buildActionMask = 2147483647;
			dstPath = /usr/share/man/man1/;
			dstSubfolderSpec = 0;
			files = (
			);
			runOnlyForDeploymentPostprocessing = 1;
		};
/* End PBXCopyFilesBuildPhase section */

/* Begin PBXFileReference section */
		EFA023A924A55BB6008B9456 /* Array Manupulation */ = {isa = PBXFileReference; explicitFileType = "compiled.mach-o.executable"; includeInIndex = 0; path = "Array Manupulation"; sourceTree = BUILT_PRODUCTS_DIR; };
		EFA023AB24A55BB6008B9456 /* main.swift */ = {isa = PBXFileReference; lastKnownFileType = sourcecode.swift; path = main.swift; sourceTree = "<group>"; };
		EFA1E76324AE8F75005F6CB0 /* Arranging Coins */ = {isa = PBXFileReference; explicitFileType = "compiled.mach-o.executable"; includeInIndex = 0; path = "Arranging Coins"; sourceTree = BUILT_PRODUCTS_DIR; };
		EFA1E76524AE8F75005F6CB0 /* main.swift */ = {isa = PBXFileReference; lastKnownFileType = sourcecode.swift; path = main.swift; sourceTree = "<group>"; };
		EFA1E77A24B14445005F6CB0 /* Binary Tree Level Order Traversal II */ = {isa = PBXFileReference; explicitFileType = "compiled.mach-o.executable"; includeInIndex = 0; path = "Binary Tree Level Order Traversal II"; sourceTree = BUILT_PRODUCTS_DIR; };
		EFA1E77C24B14445005F6CB0 /* main.swift */ = {isa = PBXFileReference; lastKnownFileType = sourcecode.swift; path = main.swift; sourceTree = "<group>"; };
		EFA1E78524B14583005F6CB0 /* Prison Cells After N Days */ = {isa = PBXFileReference; explicitFileType = "compiled.mach-o.executable"; includeInIndex = 0; path = "Prison Cells After N Days"; sourceTree = BUILT_PRODUCTS_DIR; };
		EFA1E78724B14583005F6CB0 /* main.swift */ = {isa = PBXFileReference; lastKnownFileType = sourcecode.swift; path = main.swift; sourceTree = "<group>"; };
		EFA1E79024B1465D005F6CB0 /* Ugly Number II */ = {isa = PBXFileReference; explicitFileType = "compiled.mach-o.executable"; includeInIndex = 0; path = "Ugly Number II"; sourceTree = BUILT_PRODUCTS_DIR; };
		EFA1E79224B1465D005F6CB0 /* main.swift */ = {isa = PBXFileReference; lastKnownFileType = sourcecode.swift; path = main.swift; sourceTree = "<group>"; };
		EFA1E79B24B283C8005F6CB0 /* Hamming Distance */ = {isa = PBXFileReference; explicitFileType = "compiled.mach-o.executable"; includeInIndex = 0; path = "Hamming Distance"; sourceTree = BUILT_PRODUCTS_DIR; };
		EFA1E79D24B283C8005F6CB0 /* main.swift */ = {isa = PBXFileReference; lastKnownFileType = sourcecode.swift; path = main.swift; sourceTree = "<group>"; };
		EFA1E7A624B3BAC5005F6CB0 /* Plus One */ = {isa = PBXFileReference; explicitFileType = "compiled.mach-o.executable"; includeInIndex = 0; path = "Plus One"; sourceTree = BUILT_PRODUCTS_DIR; };
		EFA1E7A824B3BAC5005F6CB0 /* main.swift */ = {isa = PBXFileReference; lastKnownFileType = sourcecode.swift; path = main.swift; sourceTree = "<group>"; };
		EFA1E7B124B523B2005F6CB0 /* Island Perimeter */ = {isa = PBXFileReference; explicitFileType = "compiled.mach-o.executable"; includeInIndex = 0; path = "Island Perimeter"; sourceTree = BUILT_PRODUCTS_DIR; };
		EFA1E7B324B523B2005F6CB0 /* main.swift */ = {isa = PBXFileReference; lastKnownFileType = sourcecode.swift; path = main.swift; sourceTree = "<group>"; };
		EFA1E7BC24BE478D005F6CB0 /* 3Sum */ = {isa = PBXFileReference; explicitFileType = "compiled.mach-o.executable"; includeInIndex = 0; path = 3Sum; sourceTree = BUILT_PRODUCTS_DIR; };
		EFA1E7BE24BE478D005F6CB0 /* main.swift */ = {isa = PBXFileReference; lastKnownFileType = sourcecode.swift; path = main.swift; sourceTree = "<group>"; };
		EFEFAEEC2499944B00CFBA67 /* SwiftAlgorithms */ = {isa = PBXFileReference; explicitFileType = "compiled.mach-o.executable"; includeInIndex = 0; path = SwiftAlgorithms; sourceTree = BUILT_PRODUCTS_DIR; };
		EFEFAEEF2499944B00CFBA67 /* main.swift */ = {isa = PBXFileReference; lastKnownFileType = sourcecode.swift; path = main.swift; sourceTree = "<group>"; };
		EFEFAEFA249ABF1700CFBA67 /* Sparse Array */ = {isa = PBXFileReference; explicitFileType = "compiled.mach-o.executable"; includeInIndex = 0; path = "Sparse Array"; sourceTree = BUILT_PRODUCTS_DIR; };
		EFEFAEFC249ABF1800CFBA67 /* main.swift */ = {isa = PBXFileReference; lastKnownFileType = sourcecode.swift; path = main.swift; sourceTree = "<group>"; };
/* End PBXFileReference section */

/* Begin PBXFrameworksBuildPhase section */
		EFA023A624A55BB6008B9456 /* Frameworks */ = {
			isa = PBXFrameworksBuildPhase;
			buildActionMask = 2147483647;
			files = (
			);
			runOnlyForDeploymentPostprocessing = 0;
		};
		EFA1E76024AE8F75005F6CB0 /* Frameworks */ = {
			isa = PBXFrameworksBuildPhase;
			buildActionMask = 2147483647;
			files = (
			);
			runOnlyForDeploymentPostprocessing = 0;
		};
		EFA1E77724B14445005F6CB0 /* Frameworks */ = {
			isa = PBXFrameworksBuildPhase;
			buildActionMask = 2147483647;
			files = (
			);
			runOnlyForDeploymentPostprocessing = 0;
		};
		EFA1E78224B14583005F6CB0 /* Frameworks */ = {
			isa = PBXFrameworksBuildPhase;
			buildActionMask = 2147483647;
			files = (
			);
			runOnlyForDeploymentPostprocessing = 0;
		};
		EFA1E78D24B1465D005F6CB0 /* Frameworks */ = {
			isa = PBXFrameworksBuildPhase;
			buildActionMask = 2147483647;
			files = (
			);
			runOnlyForDeploymentPostprocessing = 0;
		};
		EFA1E79824B283C8005F6CB0 /* Frameworks */ = {
			isa = PBXFrameworksBuildPhase;
			buildActionMask = 2147483647;
			files = (
			);
			runOnlyForDeploymentPostprocessing = 0;
		};
		EFA1E7A324B3BAC5005F6CB0 /* Frameworks */ = {
			isa = PBXFrameworksBuildPhase;
			buildActionMask = 2147483647;
			files = (
			);
			runOnlyForDeploymentPostprocessing = 0;
		};
		EFA1E7AE24B523B2005F6CB0 /* Frameworks */ = {
			isa = PBXFrameworksBuildPhase;
			buildActionMask = 2147483647;
			files = (
			);
			runOnlyForDeploymentPostprocessing = 0;
		};
		EFA1E7B924BE478D005F6CB0 /* Frameworks */ = {
			isa = PBXFrameworksBuildPhase;
			buildActionMask = 2147483647;
			files = (
			);
			runOnlyForDeploymentPostprocessing = 0;
		};
		EFEFAEE92499944B00CFBA67 /* Frameworks */ = {
			isa = PBXFrameworksBuildPhase;
			buildActionMask = 2147483647;
			files = (
			);
			runOnlyForDeploymentPostprocessing = 0;
		};
		EFEFAEF7249ABF1700CFBA67 /* Frameworks */ = {
			isa = PBXFrameworksBuildPhase;
			buildActionMask = 2147483647;
			files = (
			);
			runOnlyForDeploymentPostprocessing = 0;
		};
/* End PBXFrameworksBuildPhase section */

/* Begin PBXGroup section */
		EFA023AA24A55BB6008B9456 /* Array Manipulation */ = {
			isa = PBXGroup;
			children = (
				EFA023AB24A55BB6008B9456 /* main.swift */,
			);
			path = "Array Manipulation";
			sourceTree = "<group>";
		};
		EFA1E76424AE8F75005F6CB0 /* Arranging Coins */ = {
			isa = PBXGroup;
			children = (
				EFA1E76524AE8F75005F6CB0 /* main.swift */,
			);
			path = "Arranging Coins";
			sourceTree = "<group>";
		};
		EFA1E77B24B14445005F6CB0 /* Binary Tree Level Order Traversal II */ = {
			isa = PBXGroup;
			children = (
				EFA1E77C24B14445005F6CB0 /* main.swift */,
			);
			path = "Binary Tree Level Order Traversal II";
			sourceTree = "<group>";
		};
		EFA1E78624B14583005F6CB0 /* Prison Cells After N Days */ = {
			isa = PBXGroup;
			children = (
				EFA1E78724B14583005F6CB0 /* main.swift */,
			);
			path = "Prison Cells After N Days";
			sourceTree = "<group>";
		};
		EFA1E79124B1465D005F6CB0 /* Ugly Number II */ = {
			isa = PBXGroup;
			children = (
				EFA1E79224B1465D005F6CB0 /* main.swift */,
			);
			path = "Ugly Number II";
			sourceTree = "<group>";
		};
		EFA1E79C24B283C8005F6CB0 /* Hamming Distance */ = {
			isa = PBXGroup;
			children = (
				EFA1E79D24B283C8005F6CB0 /* main.swift */,
			);
			path = "Hamming Distance";
			sourceTree = "<group>";
		};
		EFA1E7A724B3BAC5005F6CB0 /* Plus One */ = {
			isa = PBXGroup;
			children = (
				EFA1E7A824B3BAC5005F6CB0 /* main.swift */,
			);
			path = "Plus One";
			sourceTree = "<group>";
		};
		EFA1E7B224B523B2005F6CB0 /* Island Perimeter */ = {
			isa = PBXGroup;
			children = (
				EFA1E7B324B523B2005F6CB0 /* main.swift */,
			);
			path = "Island Perimeter";
			sourceTree = "<group>";
		};
		EFA1E7BD24BE478D005F6CB0 /* 3Sum */ = {
			isa = PBXGroup;
			children = (
				EFA1E7BE24BE478D005F6CB0 /* main.swift */,
			);
			path = 3Sum;
			sourceTree = "<group>";
		};
		EFEFAEE32499944B00CFBA67 = {
			isa = PBXGroup;
			children = (
				EFEFAEEE2499944B00CFBA67 /* How to Take Input From Command Line */,
				EFEFAEFB249ABF1700CFBA67 /* Sparse Array */,
				EFA023AA24A55BB6008B9456 /* Array Manipulation */,
				EFA1E76424AE8F75005F6CB0 /* Arranging Coins */,
				EFA1E77B24B14445005F6CB0 /* Binary Tree Level Order Traversal II */,
				EFA1E78624B14583005F6CB0 /* Prison Cells After N Days */,
				EFA1E79124B1465D005F6CB0 /* Ugly Number II */,
				EFA1E79C24B283C8005F6CB0 /* Hamming Distance */,
				EFA1E7A724B3BAC5005F6CB0 /* Plus One */,
				EFA1E7B224B523B2005F6CB0 /* Island Perimeter */,
				EFA1E7BD24BE478D005F6CB0 /* 3Sum */,
				EFEFAEED2499944B00CFBA67 /* Products */,
			);
			sourceTree = "<group>";
		};
		EFEFAEED2499944B00CFBA67 /* Products */ = {
			isa = PBXGroup;
			children = (
				EFEFAEEC2499944B00CFBA67 /* SwiftAlgorithms */,
				EFEFAEFA249ABF1700CFBA67 /* Sparse Array */,
				EFA023A924A55BB6008B9456 /* Array Manupulation */,
				EFA1E76324AE8F75005F6CB0 /* Arranging Coins */,
				EFA1E77A24B14445005F6CB0 /* Binary Tree Level Order Traversal II */,
				EFA1E78524B14583005F6CB0 /* Prison Cells After N Days */,
				EFA1E79024B1465D005F6CB0 /* Ugly Number II */,
				EFA1E79B24B283C8005F6CB0 /* Hamming Distance */,
				EFA1E7A624B3BAC5005F6CB0 /* Plus One */,
				EFA1E7B124B523B2005F6CB0 /* Island Perimeter */,
				EFA1E7BC24BE478D005F6CB0 /* 3Sum */,
			);
			name = Products;
			sourceTree = "<group>";
		};
		EFEFAEEE2499944B00CFBA67 /* How to Take Input From Command Line */ = {
			isa = PBXGroup;
			children = (
				EFEFAEEF2499944B00CFBA67 /* main.swift */,
			);
			path = "How to Take Input From Command Line";
			sourceTree = "<group>";
		};
		EFEFAEFB249ABF1700CFBA67 /* Sparse Array */ = {
			isa = PBXGroup;
			children = (
				EFEFAEFC249ABF1800CFBA67 /* main.swift */,
			);
			path = "Sparse Array";
			sourceTree = "<group>";
		};
/* End PBXGroup section */

/* Begin PBXNativeTarget section */
		EFA023A824A55BB6008B9456 /* Array Manupulation */ = {
			isa = PBXNativeTarget;
			buildConfigurationList = EFA023AF24A55BB6008B9456 /* Build configuration list for PBXNativeTarget "Array Manupulation" */;
			buildPhases = (
				EFA023A524A55BB6008B9456 /* Sources */,
				EFA023A624A55BB6008B9456 /* Frameworks */,
				EFA023A724A55BB6008B9456 /* CopyFiles */,
			);
			buildRules = (
			);
			dependencies = (
			);
			name = "Array Manupulation";
			productName = "Array Manupulation";
			productReference = EFA023A924A55BB6008B9456 /* Array Manupulation */;
			productType = "com.apple.product-type.tool";
		};
		EFA1E76224AE8F75005F6CB0 /* Arranging Coins */ = {
			isa = PBXNativeTarget;
			buildConfigurationList = EFA1E76924AE8F75005F6CB0 /* Build configuration list for PBXNativeTarget "Arranging Coins" */;
			buildPhases = (
				EFA1E75F24AE8F75005F6CB0 /* Sources */,
				EFA1E76024AE8F75005F6CB0 /* Frameworks */,
				EFA1E76124AE8F75005F6CB0 /* CopyFiles */,
			);
			buildRules = (
			);
			dependencies = (
			);
			name = "Arranging Coins";
			productName = "Arranging Coins";
			productReference = EFA1E76324AE8F75005F6CB0 /* Arranging Coins */;
			productType = "com.apple.product-type.tool";
		};
		EFA1E77924B14445005F6CB0 /* Binary Tree Level Order Traversal II */ = {
			isa = PBXNativeTarget;
			buildConfigurationList = EFA1E78024B14445005F6CB0 /* Build configuration list for PBXNativeTarget "Binary Tree Level Order Traversal II" */;
			buildPhases = (
				EFA1E77624B14445005F6CB0 /* Sources */,
				EFA1E77724B14445005F6CB0 /* Frameworks */,
				EFA1E77824B14445005F6CB0 /* CopyFiles */,
			);
			buildRules = (
			);
			dependencies = (
			);
			name = "Binary Tree Level Order Traversal II";
			productName = "Binary Tree Level Order Traversal II";
			productReference = EFA1E77A24B14445005F6CB0 /* Binary Tree Level Order Traversal II */;
			productType = "com.apple.product-type.tool";
		};
		EFA1E78424B14583005F6CB0 /* Prison Cells After N Days */ = {
			isa = PBXNativeTarget;
			buildConfigurationList = EFA1E78924B14583005F6CB0 /* Build configuration list for PBXNativeTarget "Prison Cells After N Days" */;
			buildPhases = (
				EFA1E78124B14583005F6CB0 /* Sources */,
				EFA1E78224B14583005F6CB0 /* Frameworks */,
				EFA1E78324B14583005F6CB0 /* CopyFiles */,
			);
			buildRules = (
			);
			dependencies = (
			);
			name = "Prison Cells After N Days";
			productName = "Prison Cells After N Days";
			productReference = EFA1E78524B14583005F6CB0 /* Prison Cells After N Days */;
			productType = "com.apple.product-type.tool";
		};
		EFA1E78F24B1465D005F6CB0 /* Ugly Number II */ = {
			isa = PBXNativeTarget;
			buildConfigurationList = EFA1E79424B1465D005F6CB0 /* Build configuration list for PBXNativeTarget "Ugly Number II" */;
			buildPhases = (
				EFA1E78C24B1465D005F6CB0 /* Sources */,
				EFA1E78D24B1465D005F6CB0 /* Frameworks */,
				EFA1E78E24B1465D005F6CB0 /* CopyFiles */,
			);
			buildRules = (
			);
			dependencies = (
			);
			name = "Ugly Number II";
			productName = "Ugly Number II";
			productReference = EFA1E79024B1465D005F6CB0 /* Ugly Number II */;
			productType = "com.apple.product-type.tool";
		};
		EFA1E79A24B283C8005F6CB0 /* Hamming Distance */ = {
			isa = PBXNativeTarget;
			buildConfigurationList = EFA1E7A124B283C8005F6CB0 /* Build configuration list for PBXNativeTarget "Hamming Distance" */;
			buildPhases = (
				EFA1E79724B283C8005F6CB0 /* Sources */,
				EFA1E79824B283C8005F6CB0 /* Frameworks */,
				EFA1E79924B283C8005F6CB0 /* CopyFiles */,
			);
			buildRules = (
			);
			dependencies = (
			);
			name = "Hamming Distance";
			productName = "Hamming Distance";
			productReference = EFA1E79B24B283C8005F6CB0 /* Hamming Distance */;
			productType = "com.apple.product-type.tool";
		};
		EFA1E7A524B3BAC5005F6CB0 /* Plus One */ = {
			isa = PBXNativeTarget;
			buildConfigurationList = EFA1E7AA24B3BAC5005F6CB0 /* Build configuration list for PBXNativeTarget "Plus One" */;
			buildPhases = (
				EFA1E7A224B3BAC5005F6CB0 /* Sources */,
				EFA1E7A324B3BAC5005F6CB0 /* Frameworks */,
				EFA1E7A424B3BAC5005F6CB0 /* CopyFiles */,
			);
			buildRules = (
			);
			dependencies = (
			);
			name = "Plus One";
			productName = "Plus One";
			productReference = EFA1E7A624B3BAC5005F6CB0 /* Plus One */;
			productType = "com.apple.product-type.tool";
		};
		EFA1E7B024B523B2005F6CB0 /* Island Perimeter */ = {
			isa = PBXNativeTarget;
			buildConfigurationList = EFA1E7B524B523B2005F6CB0 /* Build configuration list for PBXNativeTarget "Island Perimeter" */;
			buildPhases = (
				EFA1E7AD24B523B2005F6CB0 /* Sources */,
				EFA1E7AE24B523B2005F6CB0 /* Frameworks */,
				EFA1E7AF24B523B2005F6CB0 /* CopyFiles */,
			);
			buildRules = (
			);
			dependencies = (
			);
			name = "Island Perimeter";
			productName = "Island Perimeter";
			productReference = EFA1E7B124B523B2005F6CB0 /* Island Perimeter */;
			productType = "com.apple.product-type.tool";
		};
		EFA1E7BB24BE478D005F6CB0 /* 3Sum */ = {
			isa = PBXNativeTarget;
			buildConfigurationList = EFA1E7C224BE478D005F6CB0 /* Build configuration list for PBXNativeTarget "3Sum" */;
			buildPhases = (
				EFA1E7B824BE478D005F6CB0 /* Sources */,
				EFA1E7B924BE478D005F6CB0 /* Frameworks */,
				EFA1E7BA24BE478D005F6CB0 /* CopyFiles */,
			);
			buildRules = (
			);
			dependencies = (
			);
			name = 3Sum;
			productName = 3Sum;
			productReference = EFA1E7BC24BE478D005F6CB0 /* 3Sum */;
			productType = "com.apple.product-type.tool";
		};
		EFEFAEEB2499944B00CFBA67 /* SwiftAlgorithms */ = {
			isa = PBXNativeTarget;
			buildConfigurationList = EFEFAEF32499944B00CFBA67 /* Build configuration list for PBXNativeTarget "SwiftAlgorithms" */;
			buildPhases = (
				EFEFAEE82499944B00CFBA67 /* Sources */,
				EFEFAEE92499944B00CFBA67 /* Frameworks */,
				EFEFAEEA2499944B00CFBA67 /* CopyFiles */,
			);
			buildRules = (
			);
			dependencies = (
			);
			name = SwiftAlgorithms;
			productName = SwiftAlgorithms;
			productReference = EFEFAEEC2499944B00CFBA67 /* SwiftAlgorithms */;
			productType = "com.apple.product-type.tool";
		};
		EFEFAEF9249ABF1700CFBA67 /* Sparse Array */ = {
			isa = PBXNativeTarget;
			buildConfigurationList = EFEFAF00249ABF1800CFBA67 /* Build configuration list for PBXNativeTarget "Sparse Array" */;
			buildPhases = (
				EFEFAEF6249ABF1700CFBA67 /* Sources */,
				EFEFAEF7249ABF1700CFBA67 /* Frameworks */,
				EFEFAEF8249ABF1700CFBA67 /* CopyFiles */,
			);
			buildRules = (
			);
			dependencies = (
			);
			name = "Sparse Array";
			productName = "Sparse Array";
			productReference = EFEFAEFA249ABF1700CFBA67 /* Sparse Array */;
			productType = "com.apple.product-type.tool";
		};
/* End PBXNativeTarget section */

/* Begin PBXProject section */
		EFEFAEE42499944B00CFBA67 /* Project object */ = {
			isa = PBXProject;
			attributes = {
				LastSwiftUpdateCheck = 1200;
				LastUpgradeCheck = 1130;
				ORGANIZATIONNAME = "Soumya Jain";
				TargetAttributes = {
					EFA023A824A55BB6008B9456 = {
						CreatedOnToolsVersion = 11.3.1;
					};
					EFA1E76224AE8F75005F6CB0 = {
						CreatedOnToolsVersion = 12.0;
					};
					EFA1E77924B14445005F6CB0 = {
						CreatedOnToolsVersion = 12.0;
					};
					EFA1E78424B14583005F6CB0 = {
						CreatedOnToolsVersion = 12.0;
					};
					EFA1E78F24B1465D005F6CB0 = {
						CreatedOnToolsVersion = 12.0;
					};
					EFA1E79A24B283C8005F6CB0 = {
						CreatedOnToolsVersion = 12.0;
					};
					EFA1E7A524B3BAC5005F6CB0 = {
						CreatedOnToolsVersion = 12.0;
					};
					EFA1E7B024B523B2005F6CB0 = {
						CreatedOnToolsVersion = 12.0;
					};
					EFA1E7BB24BE478D005F6CB0 = {
						CreatedOnToolsVersion = 12.0;
					};
					EFEFAEEB2499944B00CFBA67 = {
						CreatedOnToolsVersion = 11.3.1;
					};
					EFEFAEF9249ABF1700CFBA67 = {
						CreatedOnToolsVersion = 11.3.1;
					};
				};
			};
			buildConfigurationList = EFEFAEE72499944B00CFBA67 /* Build configuration list for PBXProject "SwiftAlgorithms" */;
			compatibilityVersion = "Xcode 9.3";
			developmentRegion = en;
			hasScannedForEncodings = 0;
			knownRegions = (
				en,
				Base,
			);
			mainGroup = EFEFAEE32499944B00CFBA67;
			productRefGroup = EFEFAEED2499944B00CFBA67 /* Products */;
			projectDirPath = "";
			projectRoot = "";
			targets = (
				EFEFAEEB2499944B00CFBA67 /* SwiftAlgorithms */,
				EFEFAEF9249ABF1700CFBA67 /* Sparse Array */,
				EFA023A824A55BB6008B9456 /* Array Manupulation */,
				EFA1E76224AE8F75005F6CB0 /* Arranging Coins */,
				EFA1E77924B14445005F6CB0 /* Binary Tree Level Order Traversal II */,
				EFA1E78424B14583005F6CB0 /* Prison Cells After N Days */,
				EFA1E78F24B1465D005F6CB0 /* Ugly Number II */,
				EFA1E79A24B283C8005F6CB0 /* Hamming Distance */,
				EFA1E7A524B3BAC5005F6CB0 /* Plus One */,
				EFA1E7B024B523B2005F6CB0 /* Island Perimeter */,
				EFA1E7BB24BE478D005F6CB0 /* 3Sum */,
			);
		};
/* End PBXProject section */

/* Begin PBXSourcesBuildPhase section */
		EFA023A524A55BB6008B9456 /* Sources */ = {
			isa = PBXSourcesBuildPhase;
			buildActionMask = 2147483647;
			files = (
				EFA023AC24A55BB6008B9456 /* main.swift in Sources */,
			);
			runOnlyForDeploymentPostprocessing = 0;
		};
		EFA1E75F24AE8F75005F6CB0 /* Sources */ = {
			isa = PBXSourcesBuildPhase;
			buildActionMask = 2147483647;
			files = (
				EFA1E76624AE8F75005F6CB0 /* main.swift in Sources */,
			);
			runOnlyForDeploymentPostprocessing = 0;
		};
		EFA1E77624B14445005F6CB0 /* Sources */ = {
			isa = PBXSourcesBuildPhase;
			buildActionMask = 2147483647;
			files = (
				EFA1E77D24B14445005F6CB0 /* main.swift in Sources */,
			);
			runOnlyForDeploymentPostprocessing = 0;
		};
		EFA1E78124B14583005F6CB0 /* Sources */ = {
			isa = PBXSourcesBuildPhase;
			buildActionMask = 2147483647;
			files = (
				EFA1E78824B14583005F6CB0 /* main.swift in Sources */,
			);
			runOnlyForDeploymentPostprocessing = 0;
		};
		EFA1E78C24B1465D005F6CB0 /* Sources */ = {
			isa = PBXSourcesBuildPhase;
			buildActionMask = 2147483647;
			files = (
				EFA1E79324B1465D005F6CB0 /* main.swift in Sources */,
			);
			runOnlyForDeploymentPostprocessing = 0;
		};
		EFA1E79724B283C8005F6CB0 /* Sources */ = {
			isa = PBXSourcesBuildPhase;
			buildActionMask = 2147483647;
			files = (
				EFA1E79E24B283C8005F6CB0 /* main.swift in Sources */,
			);
			runOnlyForDeploymentPostprocessing = 0;
		};
		EFA1E7A224B3BAC5005F6CB0 /* Sources */ = {
			isa = PBXSourcesBuildPhase;
			buildActionMask = 2147483647;
			files = (
				EFA1E7A924B3BAC5005F6CB0 /* main.swift in Sources */,
			);
			runOnlyForDeploymentPostprocessing = 0;
		};
		EFA1E7AD24B523B2005F6CB0 /* Sources */ = {
			isa = PBXSourcesBuildPhase;
			buildActionMask = 2147483647;
			files = (
				EFA1E7B424B523B2005F6CB0 /* main.swift in Sources */,
			);
			runOnlyForDeploymentPostprocessing = 0;
		};
		EFA1E7B824BE478D005F6CB0 /* Sources */ = {
			isa = PBXSourcesBuildPhase;
			buildActionMask = 2147483647;
			files = (
				EFA1E7BF24BE478D005F6CB0 /* main.swift in Sources */,
			);
			runOnlyForDeploymentPostprocessing = 0;
		};
		EFEFAEE82499944B00CFBA67 /* Sources */ = {
			isa = PBXSourcesBuildPhase;
			buildActionMask = 2147483647;
			files = (
				EFEFAEF02499944B00CFBA67 /* main.swift in Sources */,
			);
			runOnlyForDeploymentPostprocessing = 0;
		};
		EFEFAEF6249ABF1700CFBA67 /* Sources */ = {
			isa = PBXSourcesBuildPhase;
			buildActionMask = 2147483647;
			files = (
				EFEFAEFD249ABF1800CFBA67 /* main.swift in Sources */,
			);
			runOnlyForDeploymentPostprocessing = 0;
		};
/* End PBXSourcesBuildPhase section */

/* Begin XCBuildConfiguration section */
		EFA023AD24A55BB6008B9456 /* Debug */ = {
			isa = XCBuildConfiguration;
			buildSettings = {
				CODE_SIGN_STYLE = Automatic;
				PRODUCT_NAME = "$(TARGET_NAME)";
				SWIFT_VERSION = 5.0;
			};
			name = Debug;
		};
		EFA023AE24A55BB6008B9456 /* Release */ = {
			isa = XCBuildConfiguration;
			buildSettings = {
				CODE_SIGN_STYLE = Automatic;
				PRODUCT_NAME = "$(TARGET_NAME)";
				SWIFT_VERSION = 5.0;
			};
			name = Release;
		};
		EFA1E76724AE8F75005F6CB0 /* Debug */ = {
			isa = XCBuildConfiguration;
			buildSettings = {
				CLANG_WARN_QUOTED_INCLUDE_IN_FRAMEWORK_HEADER = YES;
				CODE_SIGN_STYLE = Automatic;
				PRODUCT_NAME = "$(TARGET_NAME)";
				SWIFT_VERSION = 5.0;
			};
			name = Debug;
		};
		EFA1E76824AE8F75005F6CB0 /* Release */ = {
			isa = XCBuildConfiguration;
			buildSettings = {
				CLANG_WARN_QUOTED_INCLUDE_IN_FRAMEWORK_HEADER = YES;
				CODE_SIGN_STYLE = Automatic;
				PRODUCT_NAME = "$(TARGET_NAME)";
				SWIFT_VERSION = 5.0;
			};
			name = Release;
		};
		EFA1E77E24B14445005F6CB0 /* Debug */ = {
			isa = XCBuildConfiguration;
			buildSettings = {
				CLANG_WARN_QUOTED_INCLUDE_IN_FRAMEWORK_HEADER = YES;
				CODE_SIGN_STYLE = Automatic;
				PRODUCT_NAME = "$(TARGET_NAME)";
				SWIFT_VERSION = 5.0;
			};
			name = Debug;
		};
		EFA1E77F24B14445005F6CB0 /* Release */ = {
			isa = XCBuildConfiguration;
			buildSettings = {
				CLANG_WARN_QUOTED_INCLUDE_IN_FRAMEWORK_HEADER = YES;
				CODE_SIGN_STYLE = Automatic;
				PRODUCT_NAME = "$(TARGET_NAME)";
				SWIFT_VERSION = 5.0;
			};
			name = Release;
		};
		EFA1E78A24B14583005F6CB0 /* Debug */ = {
			isa = XCBuildConfiguration;
			buildSettings = {
				CLANG_WARN_QUOTED_INCLUDE_IN_FRAMEWORK_HEADER = YES;
				CODE_SIGN_STYLE = Automatic;
				PRODUCT_NAME = "$(TARGET_NAME)";
				SWIFT_VERSION = 5.0;
			};
			name = Debug;
		};
		EFA1E78B24B14583005F6CB0 /* Release */ = {
			isa = XCBuildConfiguration;
			buildSettings = {
				CLANG_WARN_QUOTED_INCLUDE_IN_FRAMEWORK_HEADER = YES;
				CODE_SIGN_STYLE = Automatic;
				PRODUCT_NAME = "$(TARGET_NAME)";
				SWIFT_VERSION = 5.0;
			};
			name = Release;
		};
		EFA1E79524B1465D005F6CB0 /* Debug */ = {
			isa = XCBuildConfiguration;
			buildSettings = {
				CLANG_WARN_QUOTED_INCLUDE_IN_FRAMEWORK_HEADER = YES;
				CODE_SIGN_STYLE = Automatic;
				PRODUCT_NAME = "$(TARGET_NAME)";
				SWIFT_VERSION = 5.0;
			};
			name = Debug;
		};
		EFA1E79624B1465D005F6CB0 /* Release */ = {
			isa = XCBuildConfiguration;
			buildSettings = {
				CLANG_WARN_QUOTED_INCLUDE_IN_FRAMEWORK_HEADER = YES;
				CODE_SIGN_STYLE = Automatic;
				PRODUCT_NAME = "$(TARGET_NAME)";
				SWIFT_VERSION = 5.0;
			};
			name = Release;
		};
		EFA1E79F24B283C8005F6CB0 /* Debug */ = {
			isa = XCBuildConfiguration;
			buildSettings = {
				CLANG_WARN_QUOTED_INCLUDE_IN_FRAMEWORK_HEADER = YES;
				CODE_SIGN_STYLE = Automatic;
				PRODUCT_NAME = "$(TARGET_NAME)";
				SWIFT_VERSION = 5.0;
			};
			name = Debug;
		};
		EFA1E7A024B283C8005F6CB0 /* Release */ = {
			isa = XCBuildConfiguration;
			buildSettings = {
				CLANG_WARN_QUOTED_INCLUDE_IN_FRAMEWORK_HEADER = YES;
				CODE_SIGN_STYLE = Automatic;
				PRODUCT_NAME = "$(TARGET_NAME)";
				SWIFT_VERSION = 5.0;
			};
			name = Release;
		};
		EFA1E7AB24B3BAC5005F6CB0 /* Debug */ = {
			isa = XCBuildConfiguration;
			buildSettings = {
				CLANG_WARN_QUOTED_INCLUDE_IN_FRAMEWORK_HEADER = YES;
				CODE_SIGN_STYLE = Automatic;
				PRODUCT_NAME = "$(TARGET_NAME)";
				SWIFT_VERSION = 5.0;
			};
			name = Debug;
		};
		EFA1E7AC24B3BAC5005F6CB0 /* Release */ = {
			isa = XCBuildConfiguration;
			buildSettings = {
				CLANG_WARN_QUOTED_INCLUDE_IN_FRAMEWORK_HEADER = YES;
				CODE_SIGN_STYLE = Automatic;
				PRODUCT_NAME = "$(TARGET_NAME)";
				SWIFT_VERSION = 5.0;
			};
			name = Release;
		};
		EFA1E7B624B523B2005F6CB0 /* Debug */ = {
			isa = XCBuildConfiguration;
			buildSettings = {
				CLANG_WARN_QUOTED_INCLUDE_IN_FRAMEWORK_HEADER = YES;
				CODE_SIGN_STYLE = Automatic;
				PRODUCT_NAME = "$(TARGET_NAME)";
				SWIFT_VERSION = 5.0;
			};
			name = Debug;
		};
		EFA1E7B724B523B2005F6CB0 /* Release */ = {
			isa = XCBuildConfiguration;
			buildSettings = {
				CLANG_WARN_QUOTED_INCLUDE_IN_FRAMEWORK_HEADER = YES;
				CODE_SIGN_STYLE = Automatic;
				PRODUCT_NAME = "$(TARGET_NAME)";
				SWIFT_VERSION = 5.0;
			};
			name = Release;
		};
		EFA1E7C024BE478D005F6CB0 /* Debug */ = {
			isa = XCBuildConfiguration;
			buildSettings = {
				CLANG_WARN_QUOTED_INCLUDE_IN_FRAMEWORK_HEADER = YES;
				CODE_SIGN_STYLE = Automatic;
				PRODUCT_NAME = "$(TARGET_NAME)";
				SWIFT_VERSION = 5.0;
			};
			name = Debug;
		};
		EFA1E7C124BE478D005F6CB0 /* Release */ = {
			isa = XCBuildConfiguration;
			buildSettings = {
				CLANG_WARN_QUOTED_INCLUDE_IN_FRAMEWORK_HEADER = YES;
				CODE_SIGN_STYLE = Automatic;
				PRODUCT_NAME = "$(TARGET_NAME)";
				SWIFT_VERSION = 5.0;
			};
			name = Release;
		};
		EFEFAEF12499944B00CFBA67 /* Debug */ = {
			isa = XCBuildConfiguration;
			buildSettings = {
				ALWAYS_SEARCH_USER_PATHS = NO;
				CLANG_ANALYZER_NONNULL = YES;
				CLANG_ANALYZER_NUMBER_OBJECT_CONVERSION = YES_AGGRESSIVE;
				CLANG_CXX_LANGUAGE_STANDARD = "gnu++14";
				CLANG_CXX_LIBRARY = "libc++";
				CLANG_ENABLE_MODULES = YES;
				CLANG_ENABLE_OBJC_ARC = YES;
				CLANG_ENABLE_OBJC_WEAK = YES;
				CLANG_WARN_BLOCK_CAPTURE_AUTORELEASING = YES;
				CLANG_WARN_BOOL_CONVERSION = YES;
				CLANG_WARN_COMMA = YES;
				CLANG_WARN_CONSTANT_CONVERSION = YES;
				CLANG_WARN_DEPRECATED_OBJC_IMPLEMENTATIONS = YES;
				CLANG_WARN_DIRECT_OBJC_ISA_USAGE = YES_ERROR;
				CLANG_WARN_DOCUMENTATION_COMMENTS = YES;
				CLANG_WARN_EMPTY_BODY = YES;
				CLANG_WARN_ENUM_CONVERSION = YES;
				CLANG_WARN_INFINITE_RECURSION = YES;
				CLANG_WARN_INT_CONVERSION = YES;
				CLANG_WARN_NON_LITERAL_NULL_CONVERSION = YES;
				CLANG_WARN_OBJC_IMPLICIT_RETAIN_SELF = YES;
				CLANG_WARN_OBJC_LITERAL_CONVERSION = YES;
				CLANG_WARN_OBJC_ROOT_CLASS = YES_ERROR;
				CLANG_WARN_RANGE_LOOP_ANALYSIS = YES;
				CLANG_WARN_STRICT_PROTOTYPES = YES;
				CLANG_WARN_SUSPICIOUS_MOVE = YES;
				CLANG_WARN_UNGUARDED_AVAILABILITY = YES_AGGRESSIVE;
				CLANG_WARN_UNREACHABLE_CODE = YES;
				CLANG_WARN__DUPLICATE_METHOD_MATCH = YES;
				COPY_PHASE_STRIP = NO;
				DEBUG_INFORMATION_FORMAT = dwarf;
				ENABLE_STRICT_OBJC_MSGSEND = YES;
				ENABLE_TESTABILITY = YES;
				GCC_C_LANGUAGE_STANDARD = gnu11;
				GCC_DYNAMIC_NO_PIC = NO;
				GCC_NO_COMMON_BLOCKS = YES;
				GCC_OPTIMIZATION_LEVEL = 0;
				GCC_PREPROCESSOR_DEFINITIONS = (
					"DEBUG=1",
					"$(inherited)",
				);
				GCC_WARN_64_TO_32_BIT_CONVERSION = YES;
				GCC_WARN_ABOUT_RETURN_TYPE = YES_ERROR;
				GCC_WARN_UNDECLARED_SELECTOR = YES;
				GCC_WARN_UNINITIALIZED_AUTOS = YES_AGGRESSIVE;
				GCC_WARN_UNUSED_FUNCTION = YES;
				GCC_WARN_UNUSED_VARIABLE = YES;
				MACOSX_DEPLOYMENT_TARGET = 10.15;
				MTL_ENABLE_DEBUG_INFO = INCLUDE_SOURCE;
				MTL_FAST_MATH = YES;
				ONLY_ACTIVE_ARCH = YES;
				SDKROOT = macosx;
				SWIFT_ACTIVE_COMPILATION_CONDITIONS = DEBUG;
				SWIFT_OPTIMIZATION_LEVEL = "-Onone";
			};
			name = Debug;
		};
		EFEFAEF22499944B00CFBA67 /* Release */ = {
			isa = XCBuildConfiguration;
			buildSettings = {
				ALWAYS_SEARCH_USER_PATHS = NO;
				CLANG_ANALYZER_NONNULL = YES;
				CLANG_ANALYZER_NUMBER_OBJECT_CONVERSION = YES_AGGRESSIVE;
				CLANG_CXX_LANGUAGE_STANDARD = "gnu++14";
				CLANG_CXX_LIBRARY = "libc++";
				CLANG_ENABLE_MODULES = YES;
				CLANG_ENABLE_OBJC_ARC = YES;
				CLANG_ENABLE_OBJC_WEAK = YES;
				CLANG_WARN_BLOCK_CAPTURE_AUTORELEASING = YES;
				CLANG_WARN_BOOL_CONVERSION = YES;
				CLANG_WARN_COMMA = YES;
				CLANG_WARN_CONSTANT_CONVERSION = YES;
				CLANG_WARN_DEPRECATED_OBJC_IMPLEMENTATIONS = YES;
				CLANG_WARN_DIRECT_OBJC_ISA_USAGE = YES_ERROR;
				CLANG_WARN_DOCUMENTATION_COMMENTS = YES;
				CLANG_WARN_EMPTY_BODY = YES;
				CLANG_WARN_ENUM_CONVERSION = YES;
				CLANG_WARN_INFINITE_RECURSION = YES;
				CLANG_WARN_INT_CONVERSION = YES;
				CLANG_WARN_NON_LITERAL_NULL_CONVERSION = YES;
				CLANG_WARN_OBJC_IMPLICIT_RETAIN_SELF = YES;
				CLANG_WARN_OBJC_LITERAL_CONVERSION = YES;
				CLANG_WARN_OBJC_ROOT_CLASS = YES_ERROR;
				CLANG_WARN_RANGE_LOOP_ANALYSIS = YES;
				CLANG_WARN_STRICT_PROTOTYPES = YES;
				CLANG_WARN_SUSPICIOUS_MOVE = YES;
				CLANG_WARN_UNGUARDED_AVAILABILITY = YES_AGGRESSIVE;
				CLANG_WARN_UNREACHABLE_CODE = YES;
				CLANG_WARN__DUPLICATE_METHOD_MATCH = YES;
				COPY_PHASE_STRIP = NO;
				DEBUG_INFORMATION_FORMAT = "dwarf-with-dsym";
				ENABLE_NS_ASSERTIONS = NO;
				ENABLE_STRICT_OBJC_MSGSEND = YES;
				GCC_C_LANGUAGE_STANDARD = gnu11;
				GCC_NO_COMMON_BLOCKS = YES;
				GCC_WARN_64_TO_32_BIT_CONVERSION = YES;
				GCC_WARN_ABOUT_RETURN_TYPE = YES_ERROR;
				GCC_WARN_UNDECLARED_SELECTOR = YES;
				GCC_WARN_UNINITIALIZED_AUTOS = YES_AGGRESSIVE;
				GCC_WARN_UNUSED_FUNCTION = YES;
				GCC_WARN_UNUSED_VARIABLE = YES;
				MACOSX_DEPLOYMENT_TARGET = 10.15;
				MTL_ENABLE_DEBUG_INFO = NO;
				MTL_FAST_MATH = YES;
				SDKROOT = macosx;
				SWIFT_COMPILATION_MODE = wholemodule;
				SWIFT_OPTIMIZATION_LEVEL = "-O";
			};
			name = Release;
		};
		EFEFAEF42499944B00CFBA67 /* Debug */ = {
			isa = XCBuildConfiguration;
			buildSettings = {
				CODE_SIGN_STYLE = Automatic;
				PRODUCT_NAME = "$(TARGET_NAME)";
				SWIFT_VERSION = 5.0;
			};
			name = Debug;
		};
		EFEFAEF52499944B00CFBA67 /* Release */ = {
			isa = XCBuildConfiguration;
			buildSettings = {
				CODE_SIGN_STYLE = Automatic;
				PRODUCT_NAME = "$(TARGET_NAME)";
				SWIFT_VERSION = 5.0;
			};
			name = Release;
		};
		EFEFAEFE249ABF1800CFBA67 /* Debug */ = {
			isa = XCBuildConfiguration;
			buildSettings = {
				CODE_SIGN_STYLE = Automatic;
				PRODUCT_NAME = "$(TARGET_NAME)";
				SWIFT_VERSION = 5.0;
			};
			name = Debug;
		};
		EFEFAEFF249ABF1800CFBA67 /* Release */ = {
			isa = XCBuildConfiguration;
			buildSettings = {
				CODE_SIGN_STYLE = Automatic;
				PRODUCT_NAME = "$(TARGET_NAME)";
				SWIFT_VERSION = 5.0;
			};
			name = Release;
		};
/* End XCBuildConfiguration section */

/* Begin XCConfigurationList section */
		EFA023AF24A55BB6008B9456 /* Build configuration list for PBXNativeTarget "Array Manupulation" */ = {
			isa = XCConfigurationList;
			buildConfigurations = (
				EFA023AD24A55BB6008B9456 /* Debug */,
				EFA023AE24A55BB6008B9456 /* Release */,
			);
			defaultConfigurationIsVisible = 0;
			defaultConfigurationName = Release;
		};
		EFA1E76924AE8F75005F6CB0 /* Build configuration list for PBXNativeTarget "Arranging Coins" */ = {
			isa = XCConfigurationList;
			buildConfigurations = (
				EFA1E76724AE8F75005F6CB0 /* Debug */,
				EFA1E76824AE8F75005F6CB0 /* Release */,
			);
			defaultConfigurationIsVisible = 0;
			defaultConfigurationName = Release;
		};
		EFA1E78024B14445005F6CB0 /* Build configuration list for PBXNativeTarget "Binary Tree Level Order Traversal II" */ = {
			isa = XCConfigurationList;
			buildConfigurations = (
				EFA1E77E24B14445005F6CB0 /* Debug */,
				EFA1E77F24B14445005F6CB0 /* Release */,
			);
			defaultConfigurationIsVisible = 0;
			defaultConfigurationName = Release;
		};
		EFA1E78924B14583005F6CB0 /* Build configuration list for PBXNativeTarget "Prison Cells After N Days" */ = {
			isa = XCConfigurationList;
			buildConfigurations = (
				EFA1E78A24B14583005F6CB0 /* Debug */,
				EFA1E78B24B14583005F6CB0 /* Release */,
			);
			defaultConfigurationIsVisible = 0;
			defaultConfigurationName = Release;
		};
		EFA1E79424B1465D005F6CB0 /* Build configuration list for PBXNativeTarget "Ugly Number II" */ = {
			isa = XCConfigurationList;
			buildConfigurations = (
				EFA1E79524B1465D005F6CB0 /* Debug */,
				EFA1E79624B1465D005F6CB0 /* Release */,
			);
			defaultConfigurationIsVisible = 0;
			defaultConfigurationName = Release;
		};
		EFA1E7A124B283C8005F6CB0 /* Build configuration list for PBXNativeTarget "Hamming Distance" */ = {
			isa = XCConfigurationList;
			buildConfigurations = (
				EFA1E79F24B283C8005F6CB0 /* Debug */,
				EFA1E7A024B283C8005F6CB0 /* Release */,
			);
			defaultConfigurationIsVisible = 0;
			defaultConfigurationName = Release;
		};
		EFA1E7AA24B3BAC5005F6CB0 /* Build configuration list for PBXNativeTarget "Plus One" */ = {
			isa = XCConfigurationList;
			buildConfigurations = (
				EFA1E7AB24B3BAC5005F6CB0 /* Debug */,
				EFA1E7AC24B3BAC5005F6CB0 /* Release */,
			);
			defaultConfigurationIsVisible = 0;
			defaultConfigurationName = Release;
		};
		EFA1E7B524B523B2005F6CB0 /* Build configuration list for PBXNativeTarget "Island Perimeter" */ = {
			isa = XCConfigurationList;
			buildConfigurations = (
				EFA1E7B624B523B2005F6CB0 /* Debug */,
				EFA1E7B724B523B2005F6CB0 /* Release */,
			);
			defaultConfigurationIsVisible = 0;
			defaultConfigurationName = Release;
		};
		EFA1E7C224BE478D005F6CB0 /* Build configuration list for PBXNativeTarget "3Sum" */ = {
			isa = XCConfigurationList;
			buildConfigurations = (
				EFA1E7C024BE478D005F6CB0 /* Debug */,
				EFA1E7C124BE478D005F6CB0 /* Release */,
			);
			defaultConfigurationIsVisible = 0;
			defaultConfigurationName = Release;
		};
		EFEFAEE72499944B00CFBA67 /* Build configuration list for PBXProject "SwiftAlgorithms" */ = {
			isa = XCConfigurationList;
			buildConfigurations = (
				EFEFAEF12499944B00CFBA67 /* Debug */,
				EFEFAEF22499944B00CFBA67 /* Release */,
			);
			defaultConfigurationIsVisible = 0;
			defaultConfigurationName = Release;
		};
		EFEFAEF32499944B00CFBA67 /* Build configuration list for PBXNativeTarget "SwiftAlgorithms" */ = {
			isa = XCConfigurationList;
			buildConfigurations = (
				EFEFAEF42499944B00CFBA67 /* Debug */,
				EFEFAEF52499944B00CFBA67 /* Release */,
			);
			defaultConfigurationIsVisible = 0;
			defaultConfigurationName = Release;
		};
		EFEFAF00249ABF1800CFBA67 /* Build configuration list for PBXNativeTarget "Sparse Array" */ = {
			isa = XCConfigurationList;
			buildConfigurations = (
				EFEFAEFE249ABF1800CFBA67 /* Debug */,
				EFEFAEFF249ABF1800CFBA67 /* Release */,
			);
			defaultConfigurationIsVisible = 0;
			defaultConfigurationName = Release;
		};
/* End XCConfigurationList section */
	};
	rootObject = EFEFAEE42499944B00CFBA67 /* Project object */;
}
